
Microsoft Visual Studio Solution File, Format Version 12.00
# Visual Studio Version 17
VisualStudioVersion = 17.1.32407.343
MinimumVisualStudioVersion = 10.0.40219.1
Project("{FAE04EC0-301F-11D3-BF4B-00C04F79EFBC}") = "PackyAPI", "PackyAPI\PackyAPI.csproj", "{633ECF3D-E4DA-4D4C-8F4D-40FAD2CAD47E}"
EndProject
Global
	GlobalSection(SolutionConfigurationPlatforms) = preSolution
		Debug|Any CPU = Debug|Any CPU
		Release|Any CPU = Release|Any CPU
	EndGlobalSection
	GlobalSection(ProjectConfigurationPlatforms) = postSolution
		{633ECF3D-E4DA-4D4C-8F4D-40FAD2CAD47E}.Debug|Any CPU.ActiveCfg = Debug|Any CPU
		{633ECF3D-E4DA-4D4C-8F4D-40FAD2CAD47E}.Debug|Any CPU.Build.0 = Debug|Any CPU
		{633ECF3D-E4DA-4D4C-8F4D-40FAD2CAD47E}.Release|Any CPU.ActiveCfg = Release|Any CPU
		{633ECF3D-E4DA-4D4C-8F4D-40FAD2CAD47E}.Release|Any CPU.Build.0 = Release|Any CPU
	EndGlobalSection
	GlobalSection(SolutionProperties) = preSolution
		HideSolutionNode = FALSE
	EndGlobalSection
	GlobalSection(ExtensibilityGlobals) = postSolution
		SolutionGuid = {758305CD-B9C8-4EAB-8C84-5247EBFC9946}
	EndGlobalSection
EndGlobal
